// !$*UTF8*$!
{
	archiveVersion = 1;
	classes = {
	};
	objectVersion = 51;
	objects = {

/* Begin PBXBuildFile section */
		19FE672733DE6A5B24BEFEE0 /* Pods_SparkDigital.framework in Frameworks */ = {isa = PBXBuildFile; fileRef = CFE4265BF4F6700ABD44BEBD /* Pods_SparkDigital.framework */; };
		350D91CA25E05A43004A22B6 /* AppDelegate.swift in Sources */ = {isa = PBXBuildFile; fileRef = 350D91C925E05A43004A22B6 /* AppDelegate.swift */; };
		350D91D325E05A46004A22B6 /* Assets.xcassets in Resources */ = {isa = PBXBuildFile; fileRef = 350D91D225E05A46004A22B6 /* Assets.xcassets */; };
		350D91D625E05A46004A22B6 /* LaunchScreen.storyboard in Resources */ = {isa = PBXBuildFile; fileRef = 350D91D425E05A46004A22B6 /* LaunchScreen.storyboard */; };
		350D91E125E05A46004A22B6 /* PhotosViewModelTests.swift in Sources */ = {isa = PBXBuildFile; fileRef = 350D91E025E05A46004A22B6 /* PhotosViewModelTests.swift */; };
		350D920325E064C8004A22B6 /* InstantiableController.swift in Sources */ = {isa = PBXBuildFile; fileRef = 350D920225E064C8004A22B6 /* InstantiableController.swift */; };
		350D920925E0651D004A22B6 /* Photos.storyboard in Resources */ = {isa = PBXBuildFile; fileRef = 350D920825E0651D004A22B6 /* Photos.storyboard */; };
		350D921125E06527004A22B6 /* PhotosViewController.swift in Sources */ = {isa = PBXBuildFile; fileRef = 350D921025E06527004A22B6 /* PhotosViewController.swift */; };
		350D923925E068C8004A22B6 /* R.generated.swift in Sources */ = {isa = PBXBuildFile; fileRef = 350D923825E068C8004A22B6 /* R.generated.swift */; };
		350D926625E07081004A22B6 /* Core.h in Headers */ = {isa = PBXBuildFile; fileRef = 350D925625E07081004A22B6 /* Core.h */; settings = {ATTRIBUTES = (Public, ); }; };
		350D926925E07081004A22B6 /* Core.framework in Frameworks */ = {isa = PBXBuildFile; fileRef = 350D925425E07081004A22B6 /* Core.framework */; };
		350D926A25E07081004A22B6 /* Core.framework in Embed Frameworks */ = {isa = PBXBuildFile; fileRef = 350D925425E07081004A22B6 /* Core.framework */; settings = {ATTRIBUTES = (CodeSignOnCopy, RemoveHeadersOnCopy, ); }; };
		350D928F25E073B1004A22B6 /* Requestable.swift in Sources */ = {isa = PBXBuildFile; fileRef = 350D928125E073B1004A22B6 /* Requestable.swift */; };
		350D929025E073B1004A22B6 /* Error.swift in Sources */ = {isa = PBXBuildFile; fileRef = 350D928225E073B1004A22B6 /* Error.swift */; };
		350D929125E073B1004A22B6 /* DataTransferService.swift in Sources */ = {isa = PBXBuildFile; fileRef = 350D928325E073B1004A22B6 /* DataTransferService.swift */; };
		350D929225E073B1004A22B6 /* NetworkService.swift in Sources */ = {isa = PBXBuildFile; fileRef = 350D928425E073B1004A22B6 /* NetworkService.swift */; };
		350D929325E073B1004A22B6 /* JSON.swift in Sources */ = {isa = PBXBuildFile; fileRef = 350D928525E073B1004A22B6 /* JSON.swift */; };
		350D929525E073B1004A22B6 /* HTTPMethod.swift in Sources */ = {isa = PBXBuildFile; fileRef = 350D928725E073B1004A22B6 /* HTTPMethod.swift */; };
		350D929725E073B1004A22B6 /* DataTransferErrorLogger.swift in Sources */ = {isa = PBXBuildFile; fileRef = 350D928925E073B1004A22B6 /* DataTransferErrorLogger.swift */; };
		350D929825E073B1004A22B6 /* DataTransferErrorResolver.swift in Sources */ = {isa = PBXBuildFile; fileRef = 350D928A25E073B1004A22B6 /* DataTransferErrorResolver.swift */; };
		350D929925E073B1004A22B6 /* NetworkLogger.swift in Sources */ = {isa = PBXBuildFile; fileRef = 350D928B25E073B1004A22B6 /* NetworkLogger.swift */; };
		350D929A25E073B1004A22B6 /* Decoders.swift in Sources */ = {isa = PBXBuildFile; fileRef = 350D928C25E073B1004A22B6 /* Decoders.swift */; };
		350D929B25E073B1004A22B6 /* Endpoint.swift in Sources */ = {isa = PBXBuildFile; fileRef = 350D928D25E073B1004A22B6 /* Endpoint.swift */; };
		350D929C25E073B1004A22B6 /* NetworkConfig.swift in Sources */ = {isa = PBXBuildFile; fileRef = 350D928E25E073B1004A22B6 /* NetworkConfig.swift */; };
		350D92A725E07439004A22B6 /* Date.swift in Sources */ = {isa = PBXBuildFile; fileRef = 350D92A625E07439004A22B6 /* Date.swift */; };
		350D92AE25E0747E004A22B6 /* DateFormatter.swift in Sources */ = {isa = PBXBuildFile; fileRef = 350D92AD25E0747E004A22B6 /* DateFormatter.swift */; };
		350D934525E07B75004A22B6 /* API.swift in Sources */ = {isa = PBXBuildFile; fileRef = 350D934425E07B75004A22B6 /* API.swift */; };
		350D935D25E07C45004A22B6 /* Photo.swift in Sources */ = {isa = PBXBuildFile; fileRef = 350D935C25E07C45004A22B6 /* Photo.swift */; };
		350D939325E0CB8F004A22B6 /* AppContainer.swift in Sources */ = {isa = PBXBuildFile; fileRef = 350D939225E0CB8F004A22B6 /* AppContainer.swift */; };
		350D939C25E0CBDF004A22B6 /* UIApplication+Helper.swift in Sources */ = {isa = PBXBuildFile; fileRef = 350D939B25E0CBDF004A22B6 /* UIApplication+Helper.swift */; };
		350D93AA25E0CCCA004A22B6 /* Environment.swift in Sources */ = {isa = PBXBuildFile; fileRef = 350D93A925E0CCCA004A22B6 /* Environment.swift */; };
		350D93B225E0E424004A22B6 /* IndicatableController.swift in Sources */ = {isa = PBXBuildFile; fileRef = 350D93B125E0E424004A22B6 /* IndicatableController.swift */; };
		350D93BB25E0E44B004A22B6 /* IndicatorView.swift in Sources */ = {isa = PBXBuildFile; fileRef = 350D93BA25E0E44B004A22B6 /* IndicatorView.swift */; };
		350D93C325E0E480004A22B6 /* NibDesignableView.swift in Sources */ = {isa = PBXBuildFile; fileRef = 350D93C225E0E480004A22B6 /* NibDesignableView.swift */; };
		350D93D725E0E4DE004A22B6 /* UIView+Animations.swift in Sources */ = {isa = PBXBuildFile; fileRef = 350D93D625E0E4DE004A22B6 /* UIView+Animations.swift */; };
		350D93E625E0E6D1004A22B6 /* Localizable.strings in Resources */ = {isa = PBXBuildFile; fileRef = 350D93E825E0E6D1004A22B6 /* Localizable.strings */; };
		350D93F025E0E8BB004A22B6 /* PhotoCell.swift in Sources */ = {isa = PBXBuildFile; fileRef = 350D93EF25E0E8BB004A22B6 /* PhotoCell.swift */; };
		350D93FD25E0EA6B004A22B6 /* FlexibleBaseCell.swift in Sources */ = {isa = PBXBuildFile; fileRef = 350D93F825E0EA6B004A22B6 /* FlexibleBaseCell.swift */; };
		350D93FE25E0EA6B004A22B6 /* UIRectCorner.swift in Sources */ = {isa = PBXBuildFile; fileRef = 350D93F925E0EA6B004A22B6 /* UIRectCorner.swift */; };
		350D93FF25E0EA6B004A22B6 /* FlexibleCollectionViewLayoutAttributes.swift in Sources */ = {isa = PBXBuildFile; fileRef = 350D93FA25E0EA6B004A22B6 /* FlexibleCollectionViewLayoutAttributes.swift */; };
		350D940025E0EA6B004A22B6 /* FlexibleCollectionViewLayout.swift in Sources */ = {isa = PBXBuildFile; fileRef = 350D93FB25E0EA6B004A22B6 /* FlexibleCollectionViewLayout.swift */; };
		350D940125E0EA6B004A22B6 /* FlexibleCollectionView.swift in Sources */ = {isa = PBXBuildFile; fileRef = 350D93FC25E0EA6B004A22B6 /* FlexibleCollectionView.swift */; };
		352E0E8A25E315BB00090EAF /* PhotoDetailViewModelTests.swift in Sources */ = {isa = PBXBuildFile; fileRef = 352E0E8925E315BB00090EAF /* PhotoDetailViewModelTests.swift */; };
		352E0E9225E31A6700090EAF /* CoreTests.swift in Sources */ = {isa = PBXBuildFile; fileRef = 352E0E9125E31A6700090EAF /* CoreTests.swift */; };
		352E0E9A25E31C2500090EAF /* MockNetworkConfigurable.swift in Sources */ = {isa = PBXBuildFile; fileRef = 352E0E9925E31C2500090EAF /* MockNetworkConfigurable.swift */; };
		352E0E9F25E31D0C00090EAF /* MockNetworkSessionManager.swift in Sources */ = {isa = PBXBuildFile; fileRef = 352E0E9E25E31D0C00090EAF /* MockNetworkSessionManager.swift */; };
		352E0EAD25E34A4F00090EAF /* invalid.json in Resources */ = {isa = PBXBuildFile; fileRef = 352E0EAC25E34A4F00090EAF /* invalid.json */; };
		353F05B225E6B8FE00E60554 /* PhotoVM.swift in Sources */ = {isa = PBXBuildFile; fileRef = 35E0ECF525E22F5900FC0747 /* PhotoVM.swift */; };
		353F05B525E6B91300E60554 /* PhotoDetailViewModel.swift in Sources */ = {isa = PBXBuildFile; fileRef = 35E0ECED25E22F3B00FC0747 /* PhotoDetailViewModel.swift */; };
		353F05B625E6B91300E60554 /* PhotosViewModel.swift in Sources */ = {isa = PBXBuildFile; fileRef = 350D924925E06C9E004A22B6 /* PhotosViewModel.swift */; };
		353F05B725E6B91300E60554 /* PhotoItemViewModel.swift in Sources */ = {isa = PBXBuildFile; fileRef = 35A568BE25E6B5440046629A /* PhotoItemViewModel.swift */; };
		353F05B825E6B91300E60554 /* ItemViewModel.swift in Sources */ = {isa = PBXBuildFile; fileRef = 35A568C325E6B55D0046629A /* ItemViewModel.swift */; };
		353F05B925E6B91300E60554 /* DelegatedCall.swift in Sources */ = {isa = PBXBuildFile; fileRef = 350D933C25E079DF004A22B6 /* DelegatedCall.swift */; };
		353F05BA25E6B91300E60554 /* State.swift in Sources */ = {isa = PBXBuildFile; fileRef = 35E0ED0325E22FAF00FC0747 /* State.swift */; };
		353F05C025E6C67600E60554 /* PhotosViewController+Layout.swift in Sources */ = {isa = PBXBuildFile; fileRef = 353F05BF25E6C67600E60554 /* PhotosViewController+Layout.swift */; };
		353F05C425E6C6AF00E60554 /* PhotosViewController+Animation.swift in Sources */ = {isa = PBXBuildFile; fileRef = 353F05C325E6C6AF00E60554 /* PhotosViewController+Animation.swift */; };
		358A7D4225E2ED43008ADAB8 /* MockPhotosRepository.swift in Sources */ = {isa = PBXBuildFile; fileRef = 358A7D4125E2ED43008ADAB8 /* MockPhotosRepository.swift */; };
		358A7D4E25E2EDEC008ADAB8 /* photos.json in Resources */ = {isa = PBXBuildFile; fileRef = 358A7D4D25E2EDEC008ADAB8 /* photos.json */; };
		358A7D5325E2EEC0008ADAB8 /* LocalFileReader.swift in Sources */ = {isa = PBXBuildFile; fileRef = 358A7D5225E2EEC0008ADAB8 /* LocalFileReader.swift */; };
		358A7D5825E2EF41008ADAB8 /* TestError.swift in Sources */ = {isa = PBXBuildFile; fileRef = 358A7D5725E2EF41008ADAB8 /* TestError.swift */; };
		358A7D5D25E2F032008ADAB8 /* photo.png in Resources */ = {isa = PBXBuildFile; fileRef = 358A7D5C25E2F032008ADAB8 /* photo.png */; };
		35A6D71425E4B69200C2DC61 /* IndicatorView.xib in Resources */ = {isa = PBXBuildFile; fileRef = 35A6D71325E4B69200C2DC61 /* IndicatorView.xib */; };
		35EA4E2A25E1C32500A9DFB4 /* ZoomTransitionController.swift in Sources */ = {isa = PBXBuildFile; fileRef = 35EA4E2925E1C32500A9DFB4 /* ZoomTransitionController.swift */; };
		35EA4E3825E1C33100A9DFB4 /* ZoomAnimator.swift in Sources */ = {isa = PBXBuildFile; fileRef = 35EA4E3725E1C33100A9DFB4 /* ZoomAnimator.swift */; };
		35EA4E4025E1C48300A9DFB4 /* ZoomDismissalInteractionController.swift in Sources */ = {isa = PBXBuildFile; fileRef = 35EA4E3F25E1C48300A9DFB4 /* ZoomDismissalInteractionController.swift */; };
		35EA4E4A25E1CEA200A9DFB4 /* PhotosPageContainerViewController.swift in Sources */ = {isa = PBXBuildFile; fileRef = 35EA4E4925E1CEA200A9DFB4 /* PhotosPageContainerViewController.swift */; };
		35EA4E6125E1CFB100A9DFB4 /* PhotoDetailViewController.swift in Sources */ = {isa = PBXBuildFile; fileRef = 35EA4E6025E1CFB100A9DFB4 /* PhotoDetailViewController.swift */; };
		35EA4E7525E1D80900A9DFB4 /* PhotosPageContainer.storyboard in Resources */ = {isa = PBXBuildFile; fileRef = 35EA4E7425E1D80900A9DFB4 /* PhotosPageContainer.storyboard */; };
		35EA4E7D25E1D8B000A9DFB4 /* PhotoDetail.storyboard in Resources */ = {isa = PBXBuildFile; fileRef = 35EA4E7C25E1D8B000A9DFB4 /* PhotoDetail.storyboard */; };
		35EC6BDD25E2DD4E007E1A1C /* PhotosRepository.swift in Sources */ = {isa = PBXBuildFile; fileRef = 35EC6BDC25E2DD4E007E1A1C /* PhotosRepository.swift */; };
		35EC6BE525E2DD85007E1A1C /* PhotosRepositoryProtocol.swift in Sources */ = {isa = PBXBuildFile; fileRef = 35EC6BE425E2DD85007E1A1C /* PhotosRepositoryProtocol.swift */; };
		8C0A17F5987ABEDD3C9E9AA9 /* Pods_SparkDigitalTests.framework in Frameworks */ = {isa = PBXBuildFile; fileRef = F933AFD191114BA3C85CDE99 /* Pods_SparkDigitalTests.framework */; };
/* End PBXBuildFile section */

/* Begin PBXContainerItemProxy section */
		350D91DD25E05A46004A22B6 /* PBXContainerItemProxy */ = {
			isa = PBXContainerItemProxy;
			containerPortal = 350D91BE25E05A43004A22B6 /* Project object */;
			proxyType = 1;
			remoteGlobalIDString = 350D91C525E05A43004A22B6;
			remoteInfo = SparkDigital;
		};
		350D926725E07081004A22B6 /* PBXContainerItemProxy */ = {
			isa = PBXContainerItemProxy;
			containerPortal = 350D91BE25E05A43004A22B6 /* Project object */;
			proxyType = 1;
			remoteGlobalIDString = 350D925325E07081004A22B6;
			remoteInfo = Core;
		};
		358A7D4625E2ED56008ADAB8 /* PBXContainerItemProxy */ = {
			isa = PBXContainerItemProxy;
			containerPortal = 350D91BE25E05A43004A22B6 /* Project object */;
			proxyType = 1;
			remoteGlobalIDString = 350D925325E07081004A22B6;
			remoteInfo = Core;
		};
/* End PBXContainerItemProxy section */

/* Begin PBXCopyFilesBuildPhase section */
		350D926E25E07081004A22B6 /* Embed Frameworks */ = {
			isa = PBXCopyFilesBuildPhase;
			buildActionMask = 2147483647;
			dstPath = "";
			dstSubfolderSpec = 10;
			files = (
				350D926A25E07081004A22B6 /* Core.framework in Embed Frameworks */,
			);
			name = "Embed Frameworks";
			runOnlyForDeploymentPostprocessing = 0;
		};
/* End PBXCopyFilesBuildPhase section */

/* Begin PBXFileReference section */
		010B4D43638E131E9E5FD6C8 /* Pods-SparkDigital.release.xcconfig */ = {isa = PBXFileReference; includeInIndex = 1; lastKnownFileType = text.xcconfig; name = "Pods-SparkDigital.release.xcconfig"; path = "Target Support Files/Pods-SparkDigital/Pods-SparkDigital.release.xcconfig"; sourceTree = "<group>"; };
		02A163E132FA53B1A3659D72 /* Pods-SparkDigitalTests.release.xcconfig */ = {isa = PBXFileReference; includeInIndex = 1; lastKnownFileType = text.xcconfig; name = "Pods-SparkDigitalTests.release.xcconfig"; path = "Target Support Files/Pods-SparkDigitalTests/Pods-SparkDigitalTests.release.xcconfig"; sourceTree = "<group>"; };
		04F2E4F1DA9F45336380CC59 /* Pods-SparkDigitalTests.debug.xcconfig */ = {isa = PBXFileReference; includeInIndex = 1; lastKnownFileType = text.xcconfig; name = "Pods-SparkDigitalTests.debug.xcconfig"; path = "Target Support Files/Pods-SparkDigitalTests/Pods-SparkDigitalTests.debug.xcconfig"; sourceTree = "<group>"; };
		350D91C625E05A43004A22B6 /* SparkDigital.app */ = {isa = PBXFileReference; explicitFileType = wrapper.application; includeInIndex = 0; path = SparkDigital.app; sourceTree = BUILT_PRODUCTS_DIR; };
		350D91C925E05A43004A22B6 /* AppDelegate.swift */ = {isa = PBXFileReference; lastKnownFileType = sourcecode.swift; path = AppDelegate.swift; sourceTree = "<group>"; };
		350D91D225E05A46004A22B6 /* Assets.xcassets */ = {isa = PBXFileReference; lastKnownFileType = folder.assetcatalog; path = Assets.xcassets; sourceTree = "<group>"; };
		350D91D525E05A46004A22B6 /* Base */ = {isa = PBXFileReference; lastKnownFileType = file.storyboard; name = Base; path = Base.lproj/LaunchScreen.storyboard; sourceTree = "<group>"; };
		350D91D725E05A46004A22B6 /* Info.plist */ = {isa = PBXFileReference; lastKnownFileType = text.plist.xml; path = Info.plist; sourceTree = "<group>"; };
		350D91DC25E05A46004A22B6 /* SparkDigitalTests.xctest */ = {isa = PBXFileReference; explicitFileType = wrapper.cfbundle; includeInIndex = 0; path = SparkDigitalTests.xctest; sourceTree = BUILT_PRODUCTS_DIR; };
		350D91E025E05A46004A22B6 /* PhotosViewModelTests.swift */ = {isa = PBXFileReference; lastKnownFileType = sourcecode.swift; path = PhotosViewModelTests.swift; sourceTree = "<group>"; };
		350D91E225E05A46004A22B6 /* Info.plist */ = {isa = PBXFileReference; lastKnownFileType = text.plist.xml; path = Info.plist; sourceTree = "<group>"; };
		350D920225E064C8004A22B6 /* InstantiableController.swift */ = {isa = PBXFileReference; lastKnownFileType = sourcecode.swift; path = InstantiableController.swift; sourceTree = "<group>"; };
		350D920825E0651D004A22B6 /* Photos.storyboard */ = {isa = PBXFileReference; lastKnownFileType = file.storyboard; path = Photos.storyboard; sourceTree = "<group>"; };
		350D921025E06527004A22B6 /* PhotosViewController.swift */ = {isa = PBXFileReference; lastKnownFileType = sourcecode.swift; path = PhotosViewController.swift; sourceTree = "<group>"; };
		350D923825E068C8004A22B6 /* R.generated.swift */ = {isa = PBXFileReference; fileEncoding = 4; lastKnownFileType = sourcecode.swift; path = R.generated.swift; sourceTree = SOURCE_ROOT; };
		350D924925E06C9E004A22B6 /* PhotosViewModel.swift */ = {isa = PBXFileReference; lastKnownFileType = sourcecode.swift; path = PhotosViewModel.swift; sourceTree = "<group>"; };
		350D925425E07081004A22B6 /* Core.framework */ = {isa = PBXFileReference; explicitFileType = wrapper.framework; includeInIndex = 0; path = Core.framework; sourceTree = BUILT_PRODUCTS_DIR; };
		350D925625E07081004A22B6 /* Core.h */ = {isa = PBXFileReference; lastKnownFileType = sourcecode.c.h; path = Core.h; sourceTree = "<group>"; };
		350D925725E07081004A22B6 /* Info.plist */ = {isa = PBXFileReference; lastKnownFileType = text.plist.xml; path = Info.plist; sourceTree = "<group>"; };
		350D928125E073B1004A22B6 /* Requestable.swift */ = {isa = PBXFileReference; fileEncoding = 4; lastKnownFileType = sourcecode.swift; path = Requestable.swift; sourceTree = "<group>"; };
		350D928225E073B1004A22B6 /* Error.swift */ = {isa = PBXFileReference; fileEncoding = 4; lastKnownFileType = sourcecode.swift; path = Error.swift; sourceTree = "<group>"; };
		350D928325E073B1004A22B6 /* DataTransferService.swift */ = {isa = PBXFileReference; fileEncoding = 4; lastKnownFileType = sourcecode.swift; path = DataTransferService.swift; sourceTree = "<group>"; };
		350D928425E073B1004A22B6 /* NetworkService.swift */ = {isa = PBXFileReference; fileEncoding = 4; lastKnownFileType = sourcecode.swift; path = NetworkService.swift; sourceTree = "<group>"; };
		350D928525E073B1004A22B6 /* JSON.swift */ = {isa = PBXFileReference; fileEncoding = 4; lastKnownFileType = sourcecode.swift; path = JSON.swift; sourceTree = "<group>"; };
		350D928725E073B1004A22B6 /* HTTPMethod.swift */ = {isa = PBXFileReference; fileEncoding = 4; lastKnownFileType = sourcecode.swift; path = HTTPMethod.swift; sourceTree = "<group>"; };
		350D928925E073B1004A22B6 /* DataTransferErrorLogger.swift */ = {isa = PBXFileReference; fileEncoding = 4; lastKnownFileType = sourcecode.swift; path = DataTransferErrorLogger.swift; sourceTree = "<group>"; };
		350D928A25E073B1004A22B6 /* DataTransferErrorResolver.swift */ = {isa = PBXFileReference; fileEncoding = 4; lastKnownFileType = sourcecode.swift; path = DataTransferErrorResolver.swift; sourceTree = "<group>"; };
		350D928B25E073B1004A22B6 /* NetworkLogger.swift */ = {isa = PBXFileReference; fileEncoding = 4; lastKnownFileType = sourcecode.swift; path = NetworkLogger.swift; sourceTree = "<group>"; };
		350D928C25E073B1004A22B6 /* Decoders.swift */ = {isa = PBXFileReference; fileEncoding = 4; lastKnownFileType = sourcecode.swift; path = Decoders.swift; sourceTree = "<group>"; };
		350D928D25E073B1004A22B6 /* Endpoint.swift */ = {isa = PBXFileReference; fileEncoding = 4; lastKnownFileType = sourcecode.swift; path = Endpoint.swift; sourceTree = "<group>"; };
		350D928E25E073B1004A22B6 /* NetworkConfig.swift */ = {isa = PBXFileReference; fileEncoding = 4; lastKnownFileType = sourcecode.swift; path = NetworkConfig.swift; sourceTree = "<group>"; };
		350D92A625E07439004A22B6 /* Date.swift */ = {isa = PBXFileReference; lastKnownFileType = sourcecode.swift; path = Date.swift; sourceTree = "<group>"; };
		350D92AD25E0747E004A22B6 /* DateFormatter.swift */ = {isa = PBXFileReference; lastKnownFileType = sourcecode.swift; path = DateFormatter.swift; sourceTree = "<group>"; };
		350D933C25E079DF004A22B6 /* DelegatedCall.swift */ = {isa = PBXFileReference; lastKnownFileType = sourcecode.swift; path = DelegatedCall.swift; sourceTree = "<group>"; };
		350D934425E07B75004A22B6 /* API.swift */ = {isa = PBXFileReference; lastKnownFileType = sourcecode.swift; path = API.swift; sourceTree = "<group>"; };
		350D935C25E07C45004A22B6 /* Photo.swift */ = {isa = PBXFileReference; lastKnownFileType = sourcecode.swift; path = Photo.swift; sourceTree = "<group>"; };
		350D939225E0CB8F004A22B6 /* AppContainer.swift */ = {isa = PBXFileReference; lastKnownFileType = sourcecode.swift; path = AppContainer.swift; sourceTree = "<group>"; };
		350D939B25E0CBDF004A22B6 /* UIApplication+Helper.swift */ = {isa = PBXFileReference; lastKnownFileType = sourcecode.swift; path = "UIApplication+Helper.swift"; sourceTree = "<group>"; };
		350D93A925E0CCCA004A22B6 /* Environment.swift */ = {isa = PBXFileReference; lastKnownFileType = sourcecode.swift; path = Environment.swift; sourceTree = "<group>"; };
		350D93B125E0E424004A22B6 /* IndicatableController.swift */ = {isa = PBXFileReference; lastKnownFileType = sourcecode.swift; path = IndicatableController.swift; sourceTree = "<group>"; };
		350D93BA25E0E44B004A22B6 /* IndicatorView.swift */ = {isa = PBXFileReference; lastKnownFileType = sourcecode.swift; path = IndicatorView.swift; sourceTree = "<group>"; };
		350D93C225E0E480004A22B6 /* NibDesignableView.swift */ = {isa = PBXFileReference; lastKnownFileType = sourcecode.swift; path = NibDesignableView.swift; sourceTree = "<group>"; };
		350D93D625E0E4DE004A22B6 /* UIView+Animations.swift */ = {isa = PBXFileReference; lastKnownFileType = sourcecode.swift; path = "UIView+Animations.swift"; sourceTree = "<group>"; };
		350D93E725E0E6D1004A22B6 /* en */ = {isa = PBXFileReference; lastKnownFileType = text.plist.strings; name = en; path = en.lproj/Localizable.strings; sourceTree = "<group>"; };
		350D93EF25E0E8BB004A22B6 /* PhotoCell.swift */ = {isa = PBXFileReference; lastKnownFileType = sourcecode.swift; path = PhotoCell.swift; sourceTree = "<group>"; };
		350D93F825E0EA6B004A22B6 /* FlexibleBaseCell.swift */ = {isa = PBXFileReference; fileEncoding = 4; lastKnownFileType = sourcecode.swift; path = FlexibleBaseCell.swift; sourceTree = "<group>"; };
		350D93F925E0EA6B004A22B6 /* UIRectCorner.swift */ = {isa = PBXFileReference; fileEncoding = 4; lastKnownFileType = sourcecode.swift; path = UIRectCorner.swift; sourceTree = "<group>"; };
		350D93FA25E0EA6B004A22B6 /* FlexibleCollectionViewLayoutAttributes.swift */ = {isa = PBXFileReference; fileEncoding = 4; lastKnownFileType = sourcecode.swift; path = FlexibleCollectionViewLayoutAttributes.swift; sourceTree = "<group>"; };
		350D93FB25E0EA6B004A22B6 /* FlexibleCollectionViewLayout.swift */ = {isa = PBXFileReference; fileEncoding = 4; lastKnownFileType = sourcecode.swift; path = FlexibleCollectionViewLayout.swift; sourceTree = "<group>"; };
		350D93FC25E0EA6B004A22B6 /* FlexibleCollectionView.swift */ = {isa = PBXFileReference; fileEncoding = 4; lastKnownFileType = sourcecode.swift; path = FlexibleCollectionView.swift; sourceTree = "<group>"; };
		352E0E8925E315BB00090EAF /* PhotoDetailViewModelTests.swift */ = {isa = PBXFileReference; lastKnownFileType = sourcecode.swift; path = PhotoDetailViewModelTests.swift; sourceTree = "<group>"; };
		352E0E9125E31A6700090EAF /* CoreTests.swift */ = {isa = PBXFileReference; lastKnownFileType = sourcecode.swift; path = CoreTests.swift; sourceTree = "<group>"; };
		352E0E9925E31C2500090EAF /* MockNetworkConfigurable.swift */ = {isa = PBXFileReference; lastKnownFileType = sourcecode.swift; path = MockNetworkConfigurable.swift; sourceTree = "<group>"; };
		352E0E9E25E31D0C00090EAF /* MockNetworkSessionManager.swift */ = {isa = PBXFileReference; lastKnownFileType = sourcecode.swift; path = MockNetworkSessionManager.swift; sourceTree = "<group>"; };
		352E0EAC25E34A4F00090EAF /* invalid.json */ = {isa = PBXFileReference; lastKnownFileType = text.json; path = invalid.json; sourceTree = "<group>"; };
		353F05BF25E6C67600E60554 /* PhotosViewController+Layout.swift */ = {isa = PBXFileReference; lastKnownFileType = sourcecode.swift; path = "PhotosViewController+Layout.swift"; sourceTree = "<group>"; };
		353F05C325E6C6AF00E60554 /* PhotosViewController+Animation.swift */ = {isa = PBXFileReference; lastKnownFileType = sourcecode.swift; path = "PhotosViewController+Animation.swift"; sourceTree = "<group>"; };
		358A7D4125E2ED43008ADAB8 /* MockPhotosRepository.swift */ = {isa = PBXFileReference; lastKnownFileType = sourcecode.swift; path = MockPhotosRepository.swift; sourceTree = "<group>"; };
		358A7D4D25E2EDEC008ADAB8 /* photos.json */ = {isa = PBXFileReference; lastKnownFileType = text.json; path = photos.json; sourceTree = "<group>"; };
		358A7D5225E2EEC0008ADAB8 /* LocalFileReader.swift */ = {isa = PBXFileReference; lastKnownFileType = sourcecode.swift; path = LocalFileReader.swift; sourceTree = "<group>"; };
		358A7D5725E2EF41008ADAB8 /* TestError.swift */ = {isa = PBXFileReference; lastKnownFileType = sourcecode.swift; path = TestError.swift; sourceTree = "<group>"; };
		358A7D5C25E2F032008ADAB8 /* photo.png */ = {isa = PBXFileReference; lastKnownFileType = image.png; path = photo.png; sourceTree = "<group>"; };
		35A568BE25E6B5440046629A /* PhotoItemViewModel.swift */ = {isa = PBXFileReference; lastKnownFileType = sourcecode.swift; path = PhotoItemViewModel.swift; sourceTree = "<group>"; };
		35A568C325E6B55D0046629A /* ItemViewModel.swift */ = {isa = PBXFileReference; lastKnownFileType = sourcecode.swift; path = ItemViewModel.swift; sourceTree = "<group>"; };
		35A6D71325E4B69200C2DC61 /* IndicatorView.xib */ = {isa = PBXFileReference; fileEncoding = 4; lastKnownFileType = file.xib; path = IndicatorView.xib; sourceTree = "<group>"; };
		35E0ECED25E22F3B00FC0747 /* PhotoDetailViewModel.swift */ = {isa = PBXFileReference; lastKnownFileType = sourcecode.swift; path = PhotoDetailViewModel.swift; sourceTree = "<group>"; };
		35E0ECF525E22F5900FC0747 /* PhotoVM.swift */ = {isa = PBXFileReference; lastKnownFileType = sourcecode.swift; path = PhotoVM.swift; sourceTree = "<group>"; };
		35E0ED0325E22FAF00FC0747 /* State.swift */ = {isa = PBXFileReference; lastKnownFileType = sourcecode.swift; path = State.swift; sourceTree = "<group>"; };
		35EA4E2925E1C32500A9DFB4 /* ZoomTransitionController.swift */ = {isa = PBXFileReference; lastKnownFileType = sourcecode.swift; path = ZoomTransitionController.swift; sourceTree = "<group>"; };
		35EA4E3725E1C33100A9DFB4 /* ZoomAnimator.swift */ = {isa = PBXFileReference; lastKnownFileType = sourcecode.swift; path = ZoomAnimator.swift; sourceTree = "<group>"; };
		35EA4E3F25E1C48300A9DFB4 /* ZoomDismissalInteractionController.swift */ = {isa = PBXFileReference; lastKnownFileType = sourcecode.swift; path = ZoomDismissalInteractionController.swift; sourceTree = "<group>"; };
		35EA4E4925E1CEA200A9DFB4 /* PhotosPageContainerViewController.swift */ = {isa = PBXFileReference; lastKnownFileType = sourcecode.swift; path = PhotosPageContainerViewController.swift; sourceTree = "<group>"; };
		35EA4E6025E1CFB100A9DFB4 /* PhotoDetailViewController.swift */ = {isa = PBXFileReference; lastKnownFileType = sourcecode.swift; path = PhotoDetailViewController.swift; sourceTree = "<group>"; };
		35EA4E7425E1D80900A9DFB4 /* PhotosPageContainer.storyboard */ = {isa = PBXFileReference; lastKnownFileType = file.storyboard; path = PhotosPageContainer.storyboard; sourceTree = "<group>"; };
		35EA4E7C25E1D8B000A9DFB4 /* PhotoDetail.storyboard */ = {isa = PBXFileReference; lastKnownFileType = file.storyboard; path = PhotoDetail.storyboard; sourceTree = "<group>"; };
		35EC6BDC25E2DD4E007E1A1C /* PhotosRepository.swift */ = {isa = PBXFileReference; lastKnownFileType = sourcecode.swift; path = PhotosRepository.swift; sourceTree = "<group>"; };
		35EC6BE425E2DD85007E1A1C /* PhotosRepositoryProtocol.swift */ = {isa = PBXFileReference; lastKnownFileType = sourcecode.swift; path = PhotosRepositoryProtocol.swift; sourceTree = "<group>"; };
		CE9C5255420702FBD9A37A7D /* Pods-SparkDigital.debug.xcconfig */ = {isa = PBXFileReference; includeInIndex = 1; lastKnownFileType = text.xcconfig; name = "Pods-SparkDigital.debug.xcconfig"; path = "Target Support Files/Pods-SparkDigital/Pods-SparkDigital.debug.xcconfig"; sourceTree = "<group>"; };
		CFE4265BF4F6700ABD44BEBD /* Pods_SparkDigital.framework */ = {isa = PBXFileReference; explicitFileType = wrapper.framework; includeInIndex = 0; path = Pods_SparkDigital.framework; sourceTree = BUILT_PRODUCTS_DIR; };
		D0AFF546C311A2DEBA7CFCA6 /* Pods-PresentationLogic.debug.xcconfig */ = {isa = PBXFileReference; includeInIndex = 1; lastKnownFileType = text.xcconfig; name = "Pods-PresentationLogic.debug.xcconfig"; path = "Target Support Files/Pods-PresentationLogic/Pods-PresentationLogic.debug.xcconfig"; sourceTree = "<group>"; };
		D9D2D7EF86D7B8F6FC7D82AC /* Pods_PresentationLogic.framework */ = {isa = PBXFileReference; explicitFileType = wrapper.framework; includeInIndex = 0; path = Pods_PresentationLogic.framework; sourceTree = BUILT_PRODUCTS_DIR; };
		DE3F1E65505E3FA812914393 /* Pods-PresentationLogic.release.xcconfig */ = {isa = PBXFileReference; includeInIndex = 1; lastKnownFileType = text.xcconfig; name = "Pods-PresentationLogic.release.xcconfig"; path = "Target Support Files/Pods-PresentationLogic/Pods-PresentationLogic.release.xcconfig"; sourceTree = "<group>"; };
		F933AFD191114BA3C85CDE99 /* Pods_SparkDigitalTests.framework */ = {isa = PBXFileReference; explicitFileType = wrapper.framework; includeInIndex = 0; path = Pods_SparkDigitalTests.framework; sourceTree = BUILT_PRODUCTS_DIR; };
/* End PBXFileReference section */

/* Begin PBXFrameworksBuildPhase section */
		350D91C325E05A43004A22B6 /* Frameworks */ = {
			isa = PBXFrameworksBuildPhase;
			buildActionMask = 2147483647;
			files = (
				350D926925E07081004A22B6 /* Core.framework in Frameworks */,
				19FE672733DE6A5B24BEFEE0 /* Pods_SparkDigital.framework in Frameworks */,
			);
			runOnlyForDeploymentPostprocessing = 0;
		};
		350D91D925E05A46004A22B6 /* Frameworks */ = {
			isa = PBXFrameworksBuildPhase;
			buildActionMask = 2147483647;
			files = (
				8C0A17F5987ABEDD3C9E9AA9 /* Pods_SparkDigitalTests.framework in Frameworks */,
			);
			runOnlyForDeploymentPostprocessing = 0;
		};
		350D925125E07081004A22B6 /* Frameworks */ = {
			isa = PBXFrameworksBuildPhase;
			buildActionMask = 2147483647;
			files = (
			);
			runOnlyForDeploymentPostprocessing = 0;
		};
/* End PBXFrameworksBuildPhase section */

/* Begin PBXGroup section */
		33CC538AF9CAD145294D60FE /* Frameworks */ = {
			isa = PBXGroup;
			children = (
				D9D2D7EF86D7B8F6FC7D82AC /* Pods_PresentationLogic.framework */,
				CFE4265BF4F6700ABD44BEBD /* Pods_SparkDigital.framework */,
				F933AFD191114BA3C85CDE99 /* Pods_SparkDigitalTests.framework */,
			);
			name = Frameworks;
			sourceTree = "<group>";
		};
		350D91BD25E05A43004A22B6 = {
			isa = PBXGroup;
			children = (
				350D91C825E05A43004A22B6 /* SparkDigital */,
				350D925525E07081004A22B6 /* Core */,
				350D91DF25E05A46004A22B6 /* SparkDigitalTests */,
				350D91C725E05A43004A22B6 /* Products */,
				68B6F376167FAB2CA534D0C1 /* Pods */,
				33CC538AF9CAD145294D60FE /* Frameworks */,
			);
			sourceTree = "<group>";
		};
		350D91C725E05A43004A22B6 /* Products */ = {
			isa = PBXGroup;
			children = (
				350D91C625E05A43004A22B6 /* SparkDigital.app */,
				350D91DC25E05A46004A22B6 /* SparkDigitalTests.xctest */,
				350D925425E07081004A22B6 /* Core.framework */,
			);
			name = Products;
			sourceTree = "<group>";
		};
		350D91C825E05A43004A22B6 /* SparkDigital */ = {
			isa = PBXGroup;
			children = (
				3559229425E55E5600C95508 /* App */,
				35EA4E4725E1CE8B00A9DFB4 /* Presentation */,
				350D93B925E0E441004A22B6 /* Common */,
				35A568D525E6B7A30046629A /* Model */,
				350D939A25E0CBB1004A22B6 /* Extensions */,
				350D91C925E05A43004A22B6 /* AppDelegate.swift */,
				350D923825E068C8004A22B6 /* R.generated.swift */,
				350D91D225E05A46004A22B6 /* Assets.xcassets */,
				350D91D425E05A46004A22B6 /* LaunchScreen.storyboard */,
				350D91D725E05A46004A22B6 /* Info.plist */,
				350D93E825E0E6D1004A22B6 /* Localizable.strings */,
			);
			path = SparkDigital;
			sourceTree = "<group>";
		};
		350D91DF25E05A46004A22B6 /* SparkDigitalTests */ = {
			isa = PBXGroup;
			children = (
				358A7D6725E2F204008ADAB8 /* Helpers */,
				358A7D6625E2F1FD008ADAB8 /* Resources */,
				358A7D6525E2F1F8008ADAB8 /* Tests */,
				358A7D6425E2F1F2008ADAB8 /* Mocks */,
				350D91E225E05A46004A22B6 /* Info.plist */,
			);
			path = SparkDigitalTests;
			sourceTree = "<group>";
		};
		350D920725E064D5004A22B6 /* Photos */ = {
			isa = PBXGroup;
			children = (
				35A568D425E6B76E0046629A /* ViewModel */,
				35A568B925E6AFFA0046629A /* ViewController */,
				35A568B825E6AFEE0046629A /* Cells */,
			);
			path = Photos;
			sourceTree = "<group>";
		};
		350D925525E07081004A22B6 /* Core */ = {
			isa = PBXGroup;
			children = (
				350D92AC25E0745D004A22B6 /* Extensions */,
				359AEA1C25E4475A00874B10 /* Data */,
				3533C78325E441150070A568 /* Domain */,
				3533C78225E43FE10070A568 /* Infraestructure */,
				350D925625E07081004A22B6 /* Core.h */,
				350D925725E07081004A22B6 /* Info.plist */,
			);
			path = Core;
			sourceTree = "<group>";
		};
		350D928025E073B1004A22B6 /* Network */ = {
			isa = PBXGroup;
			children = (
				350D928125E073B1004A22B6 /* Requestable.swift */,
				350D928225E073B1004A22B6 /* Error.swift */,
				350D928325E073B1004A22B6 /* DataTransferService.swift */,
				350D928425E073B1004A22B6 /* NetworkService.swift */,
				350D928525E073B1004A22B6 /* JSON.swift */,
				350D928725E073B1004A22B6 /* HTTPMethod.swift */,
				350D928925E073B1004A22B6 /* DataTransferErrorLogger.swift */,
				350D928A25E073B1004A22B6 /* DataTransferErrorResolver.swift */,
				350D928B25E073B1004A22B6 /* NetworkLogger.swift */,
				350D928C25E073B1004A22B6 /* Decoders.swift */,
				350D928D25E073B1004A22B6 /* Endpoint.swift */,
				350D928E25E073B1004A22B6 /* NetworkConfig.swift */,
			);
			path = Network;
			sourceTree = "<group>";
		};
		350D92AC25E0745D004A22B6 /* Extensions */ = {
			isa = PBXGroup;
			children = (
				350D92A625E07439004A22B6 /* Date.swift */,
				350D92AD25E0747E004A22B6 /* DateFormatter.swift */,
			);
			path = Extensions;
			sourceTree = "<group>";
		};
		350D935B25E07C16004A22B6 /* Entities */ = {
			isa = PBXGroup;
			children = (
				350D935C25E07C45004A22B6 /* Photo.swift */,
			);
			path = Entities;
			sourceTree = "<group>";
		};
		350D939A25E0CBB1004A22B6 /* Extensions */ = {
			isa = PBXGroup;
			children = (
				350D939B25E0CBDF004A22B6 /* UIApplication+Helper.swift */,
				350D93D625E0E4DE004A22B6 /* UIView+Animations.swift */,
			);
			path = Extensions;
			sourceTree = "<group>";
		};
		350D93B925E0E441004A22B6 /* Common */ = {
			isa = PBXGroup;
			children = (
				35A568D225E6B74B0046629A /* Helper */,
				35EA4E2825E1C31600A9DFB4 /* Animators */,
				350D93F725E0EA6B004A22B6 /* FlexibleCollectionView */,
				350D93BA25E0E44B004A22B6 /* IndicatorView.swift */,
				35A6D71325E4B69200C2DC61 /* IndicatorView.xib */,
				350D93C225E0E480004A22B6 /* NibDesignableView.swift */,
				350D920225E064C8004A22B6 /* InstantiableController.swift */,
				350D93B125E0E424004A22B6 /* IndicatableController.swift */,
			);
			path = Common;
			sourceTree = "<group>";
		};
		350D93F725E0EA6B004A22B6 /* FlexibleCollectionView */ = {
			isa = PBXGroup;
			children = (
				350D93F825E0EA6B004A22B6 /* FlexibleBaseCell.swift */,
				350D93F925E0EA6B004A22B6 /* UIRectCorner.swift */,
				350D93FA25E0EA6B004A22B6 /* FlexibleCollectionViewLayoutAttributes.swift */,
				350D93FB25E0EA6B004A22B6 /* FlexibleCollectionViewLayout.swift */,
				350D93FC25E0EA6B004A22B6 /* FlexibleCollectionView.swift */,
			);
			path = FlexibleCollectionView;
			sourceTree = "<group>";
		};
		3533C78225E43FE10070A568 /* Infraestructure */ = {
			isa = PBXGroup;
			children = (
				350D928025E073B1004A22B6 /* Network */,
			);
			path = Infraestructure;
			sourceTree = "<group>";
		};
		3533C78325E441150070A568 /* Domain */ = {
			isa = PBXGroup;
			children = (
				359AEA1B25E444EC00874B10 /* Protocols */,
				350D935B25E07C16004A22B6 /* Entities */,
			);
			path = Domain;
			sourceTree = "<group>";
		};
		353F05D025E76E4E00E60554 /* ViewController */ = {
			isa = PBXGroup;
			children = (
				35EA4E6025E1CFB100A9DFB4 /* PhotoDetailViewController.swift */,
				35EA4E7C25E1D8B000A9DFB4 /* PhotoDetail.storyboard */,
			);
			path = ViewController;
			sourceTree = "<group>";
		};
		353F05D325E76E5D00E60554 /* ViewController */ = {
			isa = PBXGroup;
			children = (
				35EA4E4925E1CEA200A9DFB4 /* PhotosPageContainerViewController.swift */,
				35EA4E7425E1D80900A9DFB4 /* PhotosPageContainer.storyboard */,
			);
			path = ViewController;
			sourceTree = "<group>";
		};
		3559229425E55E5600C95508 /* App */ = {
			isa = PBXGroup;
			children = (
				350D939225E0CB8F004A22B6 /* AppContainer.swift */,
			);
			path = App;
			sourceTree = "<group>";
		};
		358A7D6425E2F1F2008ADAB8 /* Mocks */ = {
			isa = PBXGroup;
			children = (
				358A7D4125E2ED43008ADAB8 /* MockPhotosRepository.swift */,
				352E0E9925E31C2500090EAF /* MockNetworkConfigurable.swift */,
				352E0E9E25E31D0C00090EAF /* MockNetworkSessionManager.swift */,
			);
			path = Mocks;
			sourceTree = "<group>";
		};
		358A7D6525E2F1F8008ADAB8 /* Tests */ = {
			isa = PBXGroup;
			children = (
				350D91E025E05A46004A22B6 /* PhotosViewModelTests.swift */,
				352E0E8925E315BB00090EAF /* PhotoDetailViewModelTests.swift */,
				352E0E9125E31A6700090EAF /* CoreTests.swift */,
			);
			path = Tests;
			sourceTree = "<group>";
		};
		358A7D6625E2F1FD008ADAB8 /* Resources */ = {
			isa = PBXGroup;
			children = (
				358A7D5C25E2F032008ADAB8 /* photo.png */,
				358A7D4D25E2EDEC008ADAB8 /* photos.json */,
				352E0EAC25E34A4F00090EAF /* invalid.json */,
			);
			path = Resources;
			sourceTree = "<group>";
		};
		358A7D6725E2F204008ADAB8 /* Helpers */ = {
			isa = PBXGroup;
			children = (
				358A7D5225E2EEC0008ADAB8 /* LocalFileReader.swift */,
				358A7D5725E2EF41008ADAB8 /* TestError.swift */,
			);
			path = Helpers;
			sourceTree = "<group>";
		};
		359AEA1B25E444EC00874B10 /* Protocols */ = {
			isa = PBXGroup;
			children = (
				35EC6BE425E2DD85007E1A1C /* PhotosRepositoryProtocol.swift */,
			);
			path = Protocols;
			sourceTree = "<group>";
		};
		359AEA1C25E4475A00874B10 /* Data */ = {
			isa = PBXGroup;
			children = (
				35EC6BDB25E2DD40007E1A1C /* Repositories */,
				350D93A925E0CCCA004A22B6 /* Environment.swift */,
				350D934425E07B75004A22B6 /* API.swift */,
			);
			path = Data;
			sourceTree = "<group>";
		};
		35A568B825E6AFEE0046629A /* Cells */ = {
			isa = PBXGroup;
			children = (
				350D93EF25E0E8BB004A22B6 /* PhotoCell.swift */,
			);
			path = Cells;
			sourceTree = "<group>";
		};
		35A568B925E6AFFA0046629A /* ViewController */ = {
			isa = PBXGroup;
			children = (
				350D920825E0651D004A22B6 /* Photos.storyboard */,
				350D921025E06527004A22B6 /* PhotosViewController.swift */,
				353F05BF25E6C67600E60554 /* PhotosViewController+Layout.swift */,
				353F05C325E6C6AF00E60554 /* PhotosViewController+Animation.swift */,
			);
			path = ViewController;
			sourceTree = "<group>";
		};
		35A568D225E6B74B0046629A /* Helper */ = {
			isa = PBXGroup;
			children = (
				350D933C25E079DF004A22B6 /* DelegatedCall.swift */,
			);
			path = Helper;
			sourceTree = "<group>";
		};
		35A568D325E6B75C0046629A /* ViewModel */ = {
			isa = PBXGroup;
			children = (
				35E0ECED25E22F3B00FC0747 /* PhotoDetailViewModel.swift */,
			);
			path = ViewModel;
			sourceTree = "<group>";
		};
		35A568D425E6B76E0046629A /* ViewModel */ = {
			isa = PBXGroup;
			children = (
				350D924925E06C9E004A22B6 /* PhotosViewModel.swift */,
				35A568C325E6B55D0046629A /* ItemViewModel.swift */,
				35A568BE25E6B5440046629A /* PhotoItemViewModel.swift */,
				35E0ECF525E22F5900FC0747 /* PhotoVM.swift */,
			);
			path = ViewModel;
			sourceTree = "<group>";
		};
		35A568D525E6B7A30046629A /* Model */ = {
			isa = PBXGroup;
			children = (
				35E0ED0325E22FAF00FC0747 /* State.swift */,
			);
			path = Model;
			sourceTree = "<group>";
		};
		35EA4E2825E1C31600A9DFB4 /* Animators */ = {
			isa = PBXGroup;
			children = (
				35EA4E2925E1C32500A9DFB4 /* ZoomTransitionController.swift */,
				35EA4E3725E1C33100A9DFB4 /* ZoomAnimator.swift */,
				35EA4E3F25E1C48300A9DFB4 /* ZoomDismissalInteractionController.swift */,
			);
			path = Animators;
			sourceTree = "<group>";
		};
		35EA4E4725E1CE8B00A9DFB4 /* Presentation */ = {
			isa = PBXGroup;
			children = (
				35EA4E5F25E1CFA500A9DFB4 /* PhotoDetail */,
				35EA4E4825E1CE9100A9DFB4 /* PhotosPageContainer */,
				350D920725E064D5004A22B6 /* Photos */,
			);
			path = Presentation;
			sourceTree = "<group>";
		};
		35EA4E4825E1CE9100A9DFB4 /* PhotosPageContainer */ = {
			isa = PBXGroup;
			children = (
				353F05D325E76E5D00E60554 /* ViewController */,
			);
			path = PhotosPageContainer;
			sourceTree = "<group>";
		};
		35EA4E5F25E1CFA500A9DFB4 /* PhotoDetail */ = {
			isa = PBXGroup;
			children = (
				353F05D025E76E4E00E60554 /* ViewController */,
				35A568D325E6B75C0046629A /* ViewModel */,
			);
			path = PhotoDetail;
			sourceTree = "<group>";
		};
		35EC6BDB25E2DD40007E1A1C /* Repositories */ = {
			isa = PBXGroup;
			children = (
				35EC6BDC25E2DD4E007E1A1C /* PhotosRepository.swift */,
			);
			path = Repositories;
			sourceTree = "<group>";
		};
		68B6F376167FAB2CA534D0C1 /* Pods */ = {
			isa = PBXGroup;
			children = (
				D0AFF546C311A2DEBA7CFCA6 /* Pods-PresentationLogic.debug.xcconfig */,
				DE3F1E65505E3FA812914393 /* Pods-PresentationLogic.release.xcconfig */,
				CE9C5255420702FBD9A37A7D /* Pods-SparkDigital.debug.xcconfig */,
				010B4D43638E131E9E5FD6C8 /* Pods-SparkDigital.release.xcconfig */,
				04F2E4F1DA9F45336380CC59 /* Pods-SparkDigitalTests.debug.xcconfig */,
				02A163E132FA53B1A3659D72 /* Pods-SparkDigitalTests.release.xcconfig */,
			);
			path = Pods;
			sourceTree = "<group>";
		};
/* End PBXGroup section */

/* Begin PBXHeadersBuildPhase section */
		350D924F25E07081004A22B6 /* Headers */ = {
			isa = PBXHeadersBuildPhase;
			buildActionMask = 2147483647;
			files = (
				350D926625E07081004A22B6 /* Core.h in Headers */,
			);
			runOnlyForDeploymentPostprocessing = 0;
		};
/* End PBXHeadersBuildPhase section */

/* Begin PBXNativeTarget section */
		350D91C525E05A43004A22B6 /* SparkDigital */ = {
			isa = PBXNativeTarget;
			buildConfigurationList = 350D91F025E05A46004A22B6 /* Build configuration list for PBXNativeTarget "SparkDigital" */;
			buildPhases = (
				D2AC7DD32A6F41F7BB2D1B2F /* [CP] Check Pods Manifest.lock */,
				350D922125E0679B004A22B6 /* Rswift */,
				350D91C225E05A43004A22B6 /* Sources */,
				350D91C325E05A43004A22B6 /* Frameworks */,
				350D91C425E05A43004A22B6 /* Resources */,
				350D926E25E07081004A22B6 /* Embed Frameworks */,
				E560B3E1D16B00A05C9D28CE /* [CP] Embed Pods Frameworks */,
			);
			buildRules = (
			);
			dependencies = (
				350D926825E07081004A22B6 /* PBXTargetDependency */,
			);
			name = SparkDigital;
			productName = SparkDigital;
			productReference = 350D91C625E05A43004A22B6 /* SparkDigital.app */;
			productType = "com.apple.product-type.application";
		};
		350D91DB25E05A46004A22B6 /* SparkDigitalTests */ = {
			isa = PBXNativeTarget;
			buildConfigurationList = 350D91F325E05A46004A22B6 /* Build configuration list for PBXNativeTarget "SparkDigitalTests" */;
			buildPhases = (
				CF42F8178C6D976BE2887168 /* [CP] Check Pods Manifest.lock */,
				350D91D825E05A46004A22B6 /* Sources */,
				350D91D925E05A46004A22B6 /* Frameworks */,
				350D91DA25E05A46004A22B6 /* Resources */,
				55378C4C2652024A76EF318D /* [CP] Embed Pods Frameworks */,
			);
			buildRules = (
			);
			dependencies = (
				358A7D4725E2ED56008ADAB8 /* PBXTargetDependency */,
				350D91DE25E05A46004A22B6 /* PBXTargetDependency */,
			);
			name = SparkDigitalTests;
			productName = SparkDigitalTests;
			productReference = 350D91DC25E05A46004A22B6 /* SparkDigitalTests.xctest */;
			productType = "com.apple.product-type.bundle.unit-test";
		};
		350D925325E07081004A22B6 /* Core */ = {
			isa = PBXNativeTarget;
			buildConfigurationList = 350D926B25E07081004A22B6 /* Build configuration list for PBXNativeTarget "Core" */;
			buildPhases = (
				350D924F25E07081004A22B6 /* Headers */,
				350D925025E07081004A22B6 /* Sources */,
				350D925125E07081004A22B6 /* Frameworks */,
				350D925225E07081004A22B6 /* Resources */,
			);
			buildRules = (
			);
			dependencies = (
			);
			name = Core;
			productName = Core;
			productReference = 350D925425E07081004A22B6 /* Core.framework */;
			productType = "com.apple.product-type.framework";
		};
/* End PBXNativeTarget section */

/* Begin PBXProject section */
		350D91BE25E05A43004A22B6 /* Project object */ = {
			isa = PBXProject;
			attributes = {
				LastSwiftUpdateCheck = 1240;
				LastUpgradeCheck = 1240;
				TargetAttributes = {
					350D91C525E05A43004A22B6 = {
						CreatedOnToolsVersion = 12.4;
					};
					350D91DB25E05A46004A22B6 = {
						CreatedOnToolsVersion = 12.4;
						TestTargetID = 350D91C525E05A43004A22B6;
					};
					350D925325E07081004A22B6 = {
						CreatedOnToolsVersion = 12.4;
					};
				};
			};
			buildConfigurationList = 350D91C125E05A43004A22B6 /* Build configuration list for PBXProject "SparkDigital" */;
			compatibilityVersion = "Xcode 9.3";
			developmentRegion = en;
			hasScannedForEncodings = 0;
			knownRegions = (
				en,
				Base,
			);
			mainGroup = 350D91BD25E05A43004A22B6;
			productRefGroup = 350D91C725E05A43004A22B6 /* Products */;
			projectDirPath = "";
			projectRoot = "";
			targets = (
				350D91C525E05A43004A22B6 /* SparkDigital */,
				350D91DB25E05A46004A22B6 /* SparkDigitalTests */,
				350D925325E07081004A22B6 /* Core */,
			);
		};
/* End PBXProject section */

/* Begin PBXResourcesBuildPhase section */
		350D91C425E05A43004A22B6 /* Resources */ = {
			isa = PBXResourcesBuildPhase;
			buildActionMask = 2147483647;
			files = (
				35EA4E7525E1D80900A9DFB4 /* PhotosPageContainer.storyboard in Resources */,
				35A6D71425E4B69200C2DC61 /* IndicatorView.xib in Resources */,
				350D91D625E05A46004A22B6 /* LaunchScreen.storyboard in Resources */,
				35EA4E7D25E1D8B000A9DFB4 /* PhotoDetail.storyboard in Resources */,
				350D93E625E0E6D1004A22B6 /* Localizable.strings in Resources */,
				350D920925E0651D004A22B6 /* Photos.storyboard in Resources */,
				350D91D325E05A46004A22B6 /* Assets.xcassets in Resources */,
			);
			runOnlyForDeploymentPostprocessing = 0;
		};
		350D91DA25E05A46004A22B6 /* Resources */ = {
			isa = PBXResourcesBuildPhase;
			buildActionMask = 2147483647;
			files = (
				358A7D5D25E2F032008ADAB8 /* photo.png in Resources */,
				358A7D4E25E2EDEC008ADAB8 /* photos.json in Resources */,
				352E0EAD25E34A4F00090EAF /* invalid.json in Resources */,
			);
			runOnlyForDeploymentPostprocessing = 0;
		};
		350D925225E07081004A22B6 /* Resources */ = {
			isa = PBXResourcesBuildPhase;
			buildActionMask = 2147483647;
			files = (
			);
			runOnlyForDeploymentPostprocessing = 0;
		};
/* End PBXResourcesBuildPhase section */

/* Begin PBXShellScriptBuildPhase section */
		350D922125E0679B004A22B6 /* Rswift */ = {
			isa = PBXShellScriptBuildPhase;
			buildActionMask = 2147483647;
			files = (
			);
			inputFileListPaths = (
			);
			inputPaths = (
				"$TEMP_DIR/rswift-lastrun",
			);
			name = Rswift;
			outputFileListPaths = (
			);
			outputPaths = (
				$SRCROOT/R.generated.swift,
			);
			runOnlyForDeploymentPostprocessing = 0;
			shellPath = /bin/sh;
			shellScript = "\"$PODS_ROOT/R.swift/rswift\" generate \"$SRCROOT/R.generated.swift\"\n";
		};
		55378C4C2652024A76EF318D /* [CP] Embed Pods Frameworks */ = {
			isa = PBXShellScriptBuildPhase;
			buildActionMask = 2147483647;
			files = (
			);
			inputFileListPaths = (
				"${PODS_ROOT}/Target Support Files/Pods-SparkDigitalTests/Pods-SparkDigitalTests-frameworks-${CONFIGURATION}-input-files.xcfilelist",
			);
			name = "[CP] Embed Pods Frameworks";
			outputFileListPaths = (
				"${PODS_ROOT}/Target Support Files/Pods-SparkDigitalTests/Pods-SparkDigitalTests-frameworks-${CONFIGURATION}-output-files.xcfilelist",
			);
			runOnlyForDeploymentPostprocessing = 0;
			shellPath = /bin/sh;
			shellScript = "\"${PODS_ROOT}/Target Support Files/Pods-SparkDigitalTests/Pods-SparkDigitalTests-frameworks.sh\"\n";
			showEnvVarsInLog = 0;
		};
		CF42F8178C6D976BE2887168 /* [CP] Check Pods Manifest.lock */ = {
			isa = PBXShellScriptBuildPhase;
			buildActionMask = 2147483647;
			files = (
			);
			inputFileListPaths = (
			);
			inputPaths = (
				"${PODS_PODFILE_DIR_PATH}/Podfile.lock",
				"${PODS_ROOT}/Manifest.lock",
			);
			name = "[CP] Check Pods Manifest.lock";
			outputFileListPaths = (
			);
			outputPaths = (
				"$(DERIVED_FILE_DIR)/Pods-SparkDigitalTests-checkManifestLockResult.txt",
			);
			runOnlyForDeploymentPostprocessing = 0;
			shellPath = /bin/sh;
			shellScript = "diff \"${PODS_PODFILE_DIR_PATH}/Podfile.lock\" \"${PODS_ROOT}/Manifest.lock\" > /dev/null\nif [ $? != 0 ] ; then\n    # print error to STDERR\n    echo \"error: The sandbox is not in sync with the Podfile.lock. Run 'pod install' or update your CocoaPods installation.\" >&2\n    exit 1\nfi\n# This output is used by Xcode 'outputs' to avoid re-running this script phase.\necho \"SUCCESS\" > \"${SCRIPT_OUTPUT_FILE_0}\"\n";
			showEnvVarsInLog = 0;
		};
		D2AC7DD32A6F41F7BB2D1B2F /* [CP] Check Pods Manifest.lock */ = {
			isa = PBXShellScriptBuildPhase;
			buildActionMask = 2147483647;
			files = (
			);
			inputFileListPaths = (
			);
			inputPaths = (
				"${PODS_PODFILE_DIR_PATH}/Podfile.lock",
				"${PODS_ROOT}/Manifest.lock",
			);
			name = "[CP] Check Pods Manifest.lock";
			outputFileListPaths = (
			);
			outputPaths = (
				"$(DERIVED_FILE_DIR)/Pods-SparkDigital-checkManifestLockResult.txt",
			);
			runOnlyForDeploymentPostprocessing = 0;
			shellPath = /bin/sh;
			shellScript = "diff \"${PODS_PODFILE_DIR_PATH}/Podfile.lock\" \"${PODS_ROOT}/Manifest.lock\" > /dev/null\nif [ $? != 0 ] ; then\n    # print error to STDERR\n    echo \"error: The sandbox is not in sync with the Podfile.lock. Run 'pod install' or update your CocoaPods installation.\" >&2\n    exit 1\nfi\n# This output is used by Xcode 'outputs' to avoid re-running this script phase.\necho \"SUCCESS\" > \"${SCRIPT_OUTPUT_FILE_0}\"\n";
			showEnvVarsInLog = 0;
		};
		E560B3E1D16B00A05C9D28CE /* [CP] Embed Pods Frameworks */ = {
			isa = PBXShellScriptBuildPhase;
			buildActionMask = 2147483647;
			files = (
			);
			inputFileListPaths = (
				"${PODS_ROOT}/Target Support Files/Pods-SparkDigital/Pods-SparkDigital-frameworks-${CONFIGURATION}-input-files.xcfilelist",
			);
			name = "[CP] Embed Pods Frameworks";
			outputFileListPaths = (
				"${PODS_ROOT}/Target Support Files/Pods-SparkDigital/Pods-SparkDigital-frameworks-${CONFIGURATION}-output-files.xcfilelist",
			);
			runOnlyForDeploymentPostprocessing = 0;
			shellPath = /bin/sh;
			shellScript = "\"${PODS_ROOT}/Target Support Files/Pods-SparkDigital/Pods-SparkDigital-frameworks.sh\"\n";
			showEnvVarsInLog = 0;
		};
/* End PBXShellScriptBuildPhase section */

/* Begin PBXSourcesBuildPhase section */
		350D91C225E05A43004A22B6 /* Sources */ = {
			isa = PBXSourcesBuildPhase;
			buildActionMask = 2147483647;
			files = (
				353F05B525E6B91300E60554 /* PhotoDetailViewModel.swift in Sources */,
				353F05B625E6B91300E60554 /* PhotosViewModel.swift in Sources */,
				353F05B725E6B91300E60554 /* PhotoItemViewModel.swift in Sources */,
				353F05B825E6B91300E60554 /* ItemViewModel.swift in Sources */,
				353F05B925E6B91300E60554 /* DelegatedCall.swift in Sources */,
				353F05BA25E6B91300E60554 /* State.swift in Sources */,
				350D93FE25E0EA6B004A22B6 /* UIRectCorner.swift in Sources */,
				35EA4E4025E1C48300A9DFB4 /* ZoomDismissalInteractionController.swift in Sources */,
				350D940025E0EA6B004A22B6 /* FlexibleCollectionViewLayout.swift in Sources */,
				350D93FD25E0EA6B004A22B6 /* FlexibleBaseCell.swift in Sources */,
				35EA4E4A25E1CEA200A9DFB4 /* PhotosPageContainerViewController.swift in Sources */,
				350D920325E064C8004A22B6 /* InstantiableController.swift in Sources */,
				350D91CA25E05A43004A22B6 /* AppDelegate.swift in Sources */,
				353F05C425E6C6AF00E60554 /* PhotosViewController+Animation.swift in Sources */,
				350D93B225E0E424004A22B6 /* IndicatableController.swift in Sources */,
				350D940125E0EA6B004A22B6 /* FlexibleCollectionView.swift in Sources */,
				350D93F025E0E8BB004A22B6 /* PhotoCell.swift in Sources */,
				350D93C325E0E480004A22B6 /* NibDesignableView.swift in Sources */,
				350D93BB25E0E44B004A22B6 /* IndicatorView.swift in Sources */,
				35EA4E3825E1C33100A9DFB4 /* ZoomAnimator.swift in Sources */,
				350D921125E06527004A22B6 /* PhotosViewController.swift in Sources */,
				350D923925E068C8004A22B6 /* R.generated.swift in Sources */,
				35EA4E6125E1CFB100A9DFB4 /* PhotoDetailViewController.swift in Sources */,
				35EA4E2A25E1C32500A9DFB4 /* ZoomTransitionController.swift in Sources */,
				350D939325E0CB8F004A22B6 /* AppContainer.swift in Sources */,
				350D93FF25E0EA6B004A22B6 /* FlexibleCollectionViewLayoutAttributes.swift in Sources */,
				350D939C25E0CBDF004A22B6 /* UIApplication+Helper.swift in Sources */,
				353F05B225E6B8FE00E60554 /* PhotoVM.swift in Sources */,
				353F05C025E6C67600E60554 /* PhotosViewController+Layout.swift in Sources */,
				350D93D725E0E4DE004A22B6 /* UIView+Animations.swift in Sources */,
			);
			runOnlyForDeploymentPostprocessing = 0;
		};
		350D91D825E05A46004A22B6 /* Sources */ = {
			isa = PBXSourcesBuildPhase;
			buildActionMask = 2147483647;
			files = (
				352E0E9A25E31C2500090EAF /* MockNetworkConfigurable.swift in Sources */,
				352E0E8A25E315BB00090EAF /* PhotoDetailViewModelTests.swift in Sources */,
				358A7D5825E2EF41008ADAB8 /* TestError.swift in Sources */,
				358A7D5325E2EEC0008ADAB8 /* LocalFileReader.swift in Sources */,
				358A7D4225E2ED43008ADAB8 /* MockPhotosRepository.swift in Sources */,
				352E0E9F25E31D0C00090EAF /* MockNetworkSessionManager.swift in Sources */,
				352E0E9225E31A6700090EAF /* CoreTests.swift in Sources */,
				350D91E125E05A46004A22B6 /* PhotosViewModelTests.swift in Sources */,
			);
			runOnlyForDeploymentPostprocessing = 0;
		};
		350D925025E07081004A22B6 /* Sources */ = {
			isa = PBXSourcesBuildPhase;
			buildActionMask = 2147483647;
			files = (
				350D92AE25E0747E004A22B6 /* DateFormatter.swift in Sources */,
				35EC6BDD25E2DD4E007E1A1C /* PhotosRepository.swift in Sources */,
				350D929C25E073B1004A22B6 /* NetworkConfig.swift in Sources */,
				350D92A725E07439004A22B6 /* Date.swift in Sources */,
				350D929125E073B1004A22B6 /* DataTransferService.swift in Sources */,
				350D934525E07B75004A22B6 /* API.swift in Sources */,
				350D929325E073B1004A22B6 /* JSON.swift in Sources */,
				350D929525E073B1004A22B6 /* HTTPMethod.swift in Sources */,
				350D935D25E07C45004A22B6 /* Photo.swift in Sources */,
				350D929B25E073B1004A22B6 /* Endpoint.swift in Sources */,
				350D929025E073B1004A22B6 /* Error.swift in Sources */,
				350D929225E073B1004A22B6 /* NetworkService.swift in Sources */,
				350D929A25E073B1004A22B6 /* Decoders.swift in Sources */,
				350D93AA25E0CCCA004A22B6 /* Environment.swift in Sources */,
				35EC6BE525E2DD85007E1A1C /* PhotosRepositoryProtocol.swift in Sources */,
				350D929725E073B1004A22B6 /* DataTransferErrorLogger.swift in Sources */,
				350D928F25E073B1004A22B6 /* Requestable.swift in Sources */,
				350D929825E073B1004A22B6 /* DataTransferErrorResolver.swift in Sources */,
				350D929925E073B1004A22B6 /* NetworkLogger.swift in Sources */,
			);
			runOnlyForDeploymentPostprocessing = 0;
		};
/* End PBXSourcesBuildPhase section */

/* Begin PBXTargetDependency section */
		350D91DE25E05A46004A22B6 /* PBXTargetDependency */ = {
			isa = PBXTargetDependency;
			target = 350D91C525E05A43004A22B6 /* SparkDigital */;
			targetProxy = 350D91DD25E05A46004A22B6 /* PBXContainerItemProxy */;
		};
		350D926825E07081004A22B6 /* PBXTargetDependency */ = {
			isa = PBXTargetDependency;
			target = 350D925325E07081004A22B6 /* Core */;
			targetProxy = 350D926725E07081004A22B6 /* PBXContainerItemProxy */;
		};
		358A7D4725E2ED56008ADAB8 /* PBXTargetDependency */ = {
			isa = PBXTargetDependency;
			target = 350D925325E07081004A22B6 /* Core */;
			targetProxy = 358A7D4625E2ED56008ADAB8 /* PBXContainerItemProxy */;
		};
/* End PBXTargetDependency section */

/* Begin PBXVariantGroup section */
		350D91D425E05A46004A22B6 /* LaunchScreen.storyboard */ = {
			isa = PBXVariantGroup;
			children = (
				350D91D525E05A46004A22B6 /* Base */,
			);
			name = LaunchScreen.storyboard;
			sourceTree = "<group>";
		};
		350D93E825E0E6D1004A22B6 /* Localizable.strings */ = {
			isa = PBXVariantGroup;
			children = (
				350D93E725E0E6D1004A22B6 /* en */,
			);
			name = Localizable.strings;
			sourceTree = "<group>";
		};
/* End PBXVariantGroup section */

/* Begin XCBuildConfiguration section */
		350D91EE25E05A46004A22B6 /* Debug */ = {
			isa = XCBuildConfiguration;
			buildSettings = {
				ALWAYS_SEARCH_USER_PATHS = NO;
				CLANG_ANALYZER_NONNULL = YES;
				CLANG_ANALYZER_NUMBER_OBJECT_CONVERSION = YES_AGGRESSIVE;
				CLANG_CXX_LANGUAGE_STANDARD = "gnu++14";
				CLANG_CXX_LIBRARY = "libc++";
				CLANG_ENABLE_MODULES = YES;
				CLANG_ENABLE_OBJC_ARC = YES;
				CLANG_ENABLE_OBJC_WEAK = YES;
				CLANG_WARN_BLOCK_CAPTURE_AUTORELEASING = YES;
				CLANG_WARN_BOOL_CONVERSION = YES;
				CLANG_WARN_COMMA = YES;
				CLANG_WARN_CONSTANT_CONVERSION = YES;
				CLANG_WARN_DEPRECATED_OBJC_IMPLEMENTATIONS = YES;
				CLANG_WARN_DIRECT_OBJC_ISA_USAGE = YES_ERROR;
				CLANG_WARN_DOCUMENTATION_COMMENTS = YES;
				CLANG_WARN_EMPTY_BODY = YES;
				CLANG_WARN_ENUM_CONVERSION = YES;
				CLANG_WARN_INFINITE_RECURSION = YES;
				CLANG_WARN_INT_CONVERSION = YES;
				CLANG_WARN_NON_LITERAL_NULL_CONVERSION = YES;
				CLANG_WARN_OBJC_IMPLICIT_RETAIN_SELF = YES;
				CLANG_WARN_OBJC_LITERAL_CONVERSION = YES;
				CLANG_WARN_OBJC_ROOT_CLASS = YES_ERROR;
				CLANG_WARN_QUOTED_INCLUDE_IN_FRAMEWORK_HEADER = YES;
				CLANG_WARN_RANGE_LOOP_ANALYSIS = YES;
				CLANG_WARN_STRICT_PROTOTYPES = YES;
				CLANG_WARN_SUSPICIOUS_MOVE = YES;
				CLANG_WARN_UNGUARDED_AVAILABILITY = YES_AGGRESSIVE;
				CLANG_WARN_UNREACHABLE_CODE = YES;
				CLANG_WARN__DUPLICATE_METHOD_MATCH = YES;
				COPY_PHASE_STRIP = NO;
				DEBUG_INFORMATION_FORMAT = dwarf;
				ENABLE_STRICT_OBJC_MSGSEND = YES;
				ENABLE_TESTABILITY = YES;
				GCC_C_LANGUAGE_STANDARD = gnu11;
				GCC_DYNAMIC_NO_PIC = NO;
				GCC_NO_COMMON_BLOCKS = YES;
				GCC_OPTIMIZATION_LEVEL = 0;
				GCC_PREPROCESSOR_DEFINITIONS = (
					"DEBUG=1",
					"$(inherited)",
				);
				GCC_WARN_64_TO_32_BIT_CONVERSION = YES;
				GCC_WARN_ABOUT_RETURN_TYPE = YES_ERROR;
				GCC_WARN_UNDECLARED_SELECTOR = YES;
				GCC_WARN_UNINITIALIZED_AUTOS = YES_AGGRESSIVE;
				GCC_WARN_UNUSED_FUNCTION = YES;
				GCC_WARN_UNUSED_VARIABLE = YES;
				IPHONEOS_DEPLOYMENT_TARGET = 11.0;
				MTL_ENABLE_DEBUG_INFO = INCLUDE_SOURCE;
				MTL_FAST_MATH = YES;
				ONLY_ACTIVE_ARCH = YES;
				SDKROOT = iphoneos;
				SWIFT_ACTIVE_COMPILATION_CONDITIONS = DEBUG;
				SWIFT_OPTIMIZATION_LEVEL = "-Onone";
			};
			name = Debug;
		};
		350D91EF25E05A46004A22B6 /* Release */ = {
			isa = XCBuildConfiguration;
			buildSettings = {
				ALWAYS_SEARCH_USER_PATHS = NO;
				CLANG_ANALYZER_NONNULL = YES;
				CLANG_ANALYZER_NUMBER_OBJECT_CONVERSION = YES_AGGRESSIVE;
				CLANG_CXX_LANGUAGE_STANDARD = "gnu++14";
				CLANG_CXX_LIBRARY = "libc++";
				CLANG_ENABLE_MODULES = YES;
				CLANG_ENABLE_OBJC_ARC = YES;
				CLANG_ENABLE_OBJC_WEAK = YES;
				CLANG_WARN_BLOCK_CAPTURE_AUTORELEASING = YES;
				CLANG_WARN_BOOL_CONVERSION = YES;
				CLANG_WARN_COMMA = YES;
				CLANG_WARN_CONSTANT_CONVERSION = YES;
				CLANG_WARN_DEPRECATED_OBJC_IMPLEMENTATIONS = YES;
				CLANG_WARN_DIRECT_OBJC_ISA_USAGE = YES_ERROR;
				CLANG_WARN_DOCUMENTATION_COMMENTS = YES;
				CLANG_WARN_EMPTY_BODY = YES;
				CLANG_WARN_ENUM_CONVERSION = YES;
				CLANG_WARN_INFINITE_RECURSION = YES;
				CLANG_WARN_INT_CONVERSION = YES;
				CLANG_WARN_NON_LITERAL_NULL_CONVERSION = YES;
				CLANG_WARN_OBJC_IMPLICIT_RETAIN_SELF = YES;
				CLANG_WARN_OBJC_LITERAL_CONVERSION = YES;
				CLANG_WARN_OBJC_ROOT_CLASS = YES_ERROR;
				CLANG_WARN_QUOTED_INCLUDE_IN_FRAMEWORK_HEADER = YES;
				CLANG_WARN_RANGE_LOOP_ANALYSIS = YES;
				CLANG_WARN_STRICT_PROTOTYPES = YES;
				CLANG_WARN_SUSPICIOUS_MOVE = YES;
				CLANG_WARN_UNGUARDED_AVAILABILITY = YES_AGGRESSIVE;
				CLANG_WARN_UNREACHABLE_CODE = YES;
				CLANG_WARN__DUPLICATE_METHOD_MATCH = YES;
				COPY_PHASE_STRIP = NO;
				DEBUG_INFORMATION_FORMAT = "dwarf-with-dsym";
				ENABLE_NS_ASSERTIONS = NO;
				ENABLE_STRICT_OBJC_MSGSEND = YES;
				GCC_C_LANGUAGE_STANDARD = gnu11;
				GCC_NO_COMMON_BLOCKS = YES;
				GCC_WARN_64_TO_32_BIT_CONVERSION = YES;
				GCC_WARN_ABOUT_RETURN_TYPE = YES_ERROR;
				GCC_WARN_UNDECLARED_SELECTOR = YES;
				GCC_WARN_UNINITIALIZED_AUTOS = YES_AGGRESSIVE;
				GCC_WARN_UNUSED_FUNCTION = YES;
				GCC_WARN_UNUSED_VARIABLE = YES;
				IPHONEOS_DEPLOYMENT_TARGET = 11.0;
				MTL_ENABLE_DEBUG_INFO = NO;
				MTL_FAST_MATH = YES;
				SDKROOT = iphoneos;
				SWIFT_COMPILATION_MODE = wholemodule;
				SWIFT_OPTIMIZATION_LEVEL = "-O";
				VALIDATE_PRODUCT = YES;
			};
			name = Release;
		};
		350D91F125E05A46004A22B6 /* Debug */ = {
			isa = XCBuildConfiguration;
			baseConfigurationReference = CE9C5255420702FBD9A37A7D /* Pods-SparkDigital.debug.xcconfig */;
			buildSettings = {
				ALWAYS_EMBED_SWIFT_STANDARD_LIBRARIES = YES;
				ASSETCATALOG_COMPILER_APPICON_NAME = AppIcon;
				ASSETCATALOG_COMPILER_GLOBAL_ACCENT_COLOR_NAME = AccentColor;
				CODE_SIGN_STYLE = Automatic;
				DEVELOPMENT_TEAM = A5FP7L6CSA;
				INFOPLIST_FILE = SparkDigital/Info.plist;
				IPHONEOS_DEPLOYMENT_TARGET = 11.0;
				LD_RUNPATH_SEARCH_PATHS = (
					"$(inherited)",
					"@executable_path/Frameworks",
				);
				PRODUCT_BUNDLE_IDENTIFIER = com.carlosduclos.demo.test;
				PRODUCT_NAME = "$(TARGET_NAME)";
				SWIFT_VERSION = 5.0;
				TARGETED_DEVICE_FAMILY = "1,2";
				VALIDATE_WORKSPACE = NO;
			};
			name = Debug;
		};
		350D91F225E05A46004A22B6 /* Release */ = {
			isa = XCBuildConfiguration;
			baseConfigurationReference = 010B4D43638E131E9E5FD6C8 /* Pods-SparkDigital.release.xcconfig */;
			buildSettings = {
				ALWAYS_EMBED_SWIFT_STANDARD_LIBRARIES = YES;
				ASSETCATALOG_COMPILER_APPICON_NAME = AppIcon;
				ASSETCATALOG_COMPILER_GLOBAL_ACCENT_COLOR_NAME = AccentColor;
				CODE_SIGN_STYLE = Automatic;
				DEVELOPMENT_TEAM = A5FP7L6CSA;
				INFOPLIST_FILE = SparkDigital/Info.plist;
				IPHONEOS_DEPLOYMENT_TARGET = 11.0;
				LD_RUNPATH_SEARCH_PATHS = (
					"$(inherited)",
					"@executable_path/Frameworks",
				);
				PRODUCT_BUNDLE_IDENTIFIER = com.carlosduclos.demo.test;
				PRODUCT_NAME = "$(TARGET_NAME)";
				SWIFT_VERSION = 5.0;
				TARGETED_DEVICE_FAMILY = "1,2";
				VALIDATE_WORKSPACE = NO;
			};
			name = Release;
		};
		350D91F425E05A46004A22B6 /* Debug */ = {
			isa = XCBuildConfiguration;
			baseConfigurationReference = 04F2E4F1DA9F45336380CC59 /* Pods-SparkDigitalTests.debug.xcconfig */;
			buildSettings = {
				ALWAYS_EMBED_SWIFT_STANDARD_LIBRARIES = YES;
				BUNDLE_LOADER = "$(TEST_HOST)";
				CODE_SIGN_STYLE = Automatic;
				DEVELOPMENT_TEAM = RH4PC25J9C;
				INFOPLIST_FILE = SparkDigitalTests/Info.plist;
				IPHONEOS_DEPLOYMENT_TARGET = 14.4;
				LD_RUNPATH_SEARCH_PATHS = (
					"$(inherited)",
					"@executable_path/Frameworks",
					"@loader_path/Frameworks",
				);
				PRODUCT_BUNDLE_IDENTIFIER = com.carlosduclos.demo.SparkDigitalTests;
				PRODUCT_NAME = "$(TARGET_NAME)";
				SWIFT_VERSION = 5.0;
				TARGETED_DEVICE_FAMILY = "1,2";
				TEST_HOST = "$(BUILT_PRODUCTS_DIR)/SparkDigital.app/SparkDigital";
			};
			name = Debug;
		};
		350D91F525E05A46004A22B6 /* Release */ = {
			isa = XCBuildConfiguration;
			baseConfigurationReference = 02A163E132FA53B1A3659D72 /* Pods-SparkDigitalTests.release.xcconfig */;
			buildSettings = {
				ALWAYS_EMBED_SWIFT_STANDARD_LIBRARIES = YES;
				BUNDLE_LOADER = "$(TEST_HOST)";
				CODE_SIGN_STYLE = Automatic;
				DEVELOPMENT_TEAM = RH4PC25J9C;
				INFOPLIST_FILE = SparkDigitalTests/Info.plist;
				IPHONEOS_DEPLOYMENT_TARGET = 14.4;
				LD_RUNPATH_SEARCH_PATHS = (
					"$(inherited)",
					"@executable_path/Frameworks",
					"@loader_path/Frameworks",
				);
				PRODUCT_BUNDLE_IDENTIFIER = com.carlosduclos.demo.SparkDigitalTests;
				PRODUCT_NAME = "$(TARGET_NAME)";
				SWIFT_VERSION = 5.0;
				TARGETED_DEVICE_FAMILY = "1,2";
				TEST_HOST = "$(BUILT_PRODUCTS_DIR)/SparkDigital.app/SparkDigital";
			};
			name = Release;
		};
		350D926C25E07081004A22B6 /* Debug */ = {
			isa = XCBuildConfiguration;
			buildSettings = {
				CODE_SIGN_STYLE = Automatic;
				CURRENT_PROJECT_VERSION = 1;
				DEFINES_MODULE = YES;
				DEVELOPMENT_TEAM = RH4PC25J9C;
				DYLIB_COMPATIBILITY_VERSION = 1;
				DYLIB_CURRENT_VERSION = 1;
				DYLIB_INSTALL_NAME_BASE = "@rpath";
				INFOPLIST_FILE = Core/Info.plist;
				INSTALL_PATH = "$(LOCAL_LIBRARY_DIR)/Frameworks";
				IPHONEOS_DEPLOYMENT_TARGET = 11.0;
				LD_RUNPATH_SEARCH_PATHS = (
					"$(inherited)",
					"@executable_path/Frameworks",
					"@loader_path/Frameworks",
				);
				PRODUCT_BUNDLE_IDENTIFIER = com.carlosduclos.demo.Core;
				PRODUCT_NAME = "$(TARGET_NAME:c99extidentifier)";
				SKIP_INSTALL = YES;
				SWIFT_VERSION = 5.0;
				TARGETED_DEVICE_FAMILY = "1,2";
				VERSIONING_SYSTEM = "apple-generic";
				VERSION_INFO_PREFIX = "";
			};
			name = Debug;
		};
		350D926D25E07081004A22B6 /* Release */ = {
			isa = XCBuildConfiguration;
			buildSettings = {
				CODE_SIGN_STYLE = Automatic;
				CURRENT_PROJECT_VERSION = 1;
				DEFINES_MODULE = YES;
				DEVELOPMENT_TEAM = RH4PC25J9C;
				DYLIB_COMPATIBILITY_VERSION = 1;
				DYLIB_CURRENT_VERSION = 1;
				DYLIB_INSTALL_NAME_BASE = "@rpath";
				INFOPLIST_FILE = Core/Info.plist;
				INSTALL_PATH = "$(LOCAL_LIBRARY_DIR)/Frameworks";
				IPHONEOS_DEPLOYMENT_TARGET = 11.0;
				LD_RUNPATH_SEARCH_PATHS = (
					"$(inherited)",
					"@executable_path/Frameworks",
					"@loader_path/Frameworks",
				);
				PRODUCT_BUNDLE_IDENTIFIER = com.carlosduclos.demo.Core;
				PRODUCT_NAME = "$(TARGET_NAME:c99extidentifier)";
				SKIP_INSTALL = YES;
				SWIFT_VERSION = 5.0;
				TARGETED_DEVICE_FAMILY = "1,2";
				VERSIONING_SYSTEM = "apple-generic";
				VERSION_INFO_PREFIX = "";
			};
			name = Release;
		};
/* End XCBuildConfiguration section */

/* Begin XCConfigurationList section */
		350D91C125E05A43004A22B6 /* Build configuration list for PBXProject "SparkDigital" */ = {
			isa = XCConfigurationList;
			buildConfigurations = (
				350D91EE25E05A46004A22B6 /* Debug */,
				350D91EF25E05A46004A22B6 /* Release */,
			);
			defaultConfigurationIsVisible = 0;
			defaultConfigurationName = Release;
		};
		350D91F025E05A46004A22B6 /* Build configuration list for PBXNativeTarget "SparkDigital" */ = {
			isa = XCConfigurationList;
			buildConfigurations = (
				350D91F125E05A46004A22B6 /* Debug */,
				350D91F225E05A46004A22B6 /* Release */,
			);
			defaultConfigurationIsVisible = 0;
			defaultConfigurationName = Release;
		};
		350D91F325E05A46004A22B6 /* Build configuration list for PBXNativeTarget "SparkDigitalTests" */ = {
			isa = XCConfigurationList;
			buildConfigurations = (
				350D91F425E05A46004A22B6 /* Debug */,
				350D91F525E05A46004A22B6 /* Release */,
			);
			defaultConfigurationIsVisible = 0;
			defaultConfigurationName = Release;
		};
		350D926B25E07081004A22B6 /* Build configuration list for PBXNativeTarget "Core" */ = {
			isa = XCConfigurationList;
			buildConfigurations = (
				350D926C25E07081004A22B6 /* Debug */,
				350D926D25E07081004A22B6 /* Release */,
			);
			defaultConfigurationIsVisible = 0;
			defaultConfigurationName = Release;
		};
/* End XCConfigurationList section */
	};
	rootObject = 350D91BE25E05A43004A22B6 /* Project object */;
}
